
Microsoft Visual Studio Solution File, Format Version 12.00
# Visual Studio 2013
VisualStudioVersion = 12.0.30501.0
MinimumVisualStudioVersion = 10.0.40219.1
Project("{FAE04EC0-301F-11D3-BF4B-00C04F79EFBC}") = "Hyundai i30", "Hyundai i30\Hyundai i30.csproj", "{FD2C8D39-0042-4EBB-9500-A43D194356DA}"
EndProject
Global
	GlobalSection(SolutionConfigurationPlatforms) = preSolution
		Debug|Any CPU = Debug|Any CPU
		Release|Any CPU = Release|Any CPU
	EndGlobalSection
	GlobalSection(ProjectConfigurationPlatforms) = postSolution
		{FD2C8D39-0042-4EBB-9500-A43D194356DA}.Debug|Any CPU.ActiveCfg = Debug|Any CPU
		{FD2C8D39-0042-4EBB-9500-A43D194356DA}.Debug|Any CPU.Build.0 = Debug|Any CPU
		{FD2C8D39-0042-4EBB-9500-A43D194356DA}.Release|Any CPU.ActiveCfg = Release|Any CPU
		{FD2C8D39-0042-4EBB-9500-A43D194356DA}.Release|Any CPU.Build.0 = Release|Any CPU
		{FD2C8D39-0042-4EBB-9500-A43D194356DA}.Release|Any CPU.Deploy.0 = Release|Any CPU
	EndGlobalSection
	GlobalSection(SolutionProperties) = preSolution
		HideSolutionNode = FALSE
	EndGlobalSection
EndGlobal
